{
  "name": "round_1",
  "lockfileVersion": 3,
  "requires": true,
  "packages": {
    "": {
      "dependencies": {
        "@tessl/cli": "^0.79.0"
      }
    },
    "node_modules/@tessl/cli": {
      "version": "0.79.0",
      "resolved": "https://registry.npmjs.org/@tessl/cli/-/cli-0.79.0.tgz",
      "integrity": "sha512-dJI/CbEJIpX1udGPPmBtbSAaqhJ7+e0McsOhMaOJibyONd/wXtQocCp/hY+0ASb0OlDdEokItB65DXUepzHnAA==",
      "license": "SEE LICENSE.md",
      "bin": {
        "tessl": "bin/tessl.js"
      },
      "engines": {
        "node": ">=20"
      }
    }
  }
}
