{
  "name": "round_1",
  "lockfileVersion": 3,
  "requires": true,
  "packages": {
    "": {
      "dependencies": {
        "@tessl/cli": "^0.85.0"
      }
    },
    "node_modules/@tessl/cli": {
      "version": "0.85.0",
      "resolved": "https://registry.npmjs.org/@tessl/cli/-/cli-0.85.0.tgz",
      "integrity": "sha512-ZeVjQai6RR+Zy3eGxR4Ab+OfwfHP/RuoGvj3ssoQE0tg8vZnWZj+T3Pd0lvhMOtRPnOt91VFdt8UbO7dLNoymA==",
      "license": "SEE LICENSE.md",
      "bin": {
        "tessl": "bin/tessl.js"
      },
      "engines": {
        "node": ">=20"
      }
    }
  }
}
