{
  "name": "round_1",
  "lockfileVersion": 3,
  "requires": true,
  "packages": {
    "": {
      "dependencies": {
        "@tessl/cli": "^0.92.0"
      }
    },
    "node_modules/@tessl/cli": {
      "version": "0.92.0",
      "resolved": "https://registry.npmjs.org/@tessl/cli/-/cli-0.92.0.tgz",
      "integrity": "sha512-NtbUHgWE4ZKDpzDhS3OCMoOgThnFq2IseJAecFNoxugLmroRcdJn5XHz1XbgsE7TFKZkIvhPpakVOnr2+XGZhQ==",
      "license": "SEE LICENSE.md",
      "bin": {
        "tessl": "bin/tessl.js"
      },
      "engines": {
        "node": ">=20"
      }
    }
  }
}
